{
  "version": "5",
  "specifiers": {
    "jsr:@db/redis@0.41.2": "0.41.2",
    "jsr:@esroyo/generic-pool@3.10.4": "3.10.4",
    "jsr:@jabr/xxhash64@2.0.0": "2.0.0",
    "jsr:@std/async@1": "1.3.0",
    "jsr:@std/bytes@1": "1.0.6",
    "jsr:@std/bytes@^1.0.2-rc.3": "1.0.6",
    "jsr:@std/io@0.224.5": "0.224.5",
    "jsr:@std/ulid@1.0.0": "1.0.0",
    "npm:@opentelemetry/api@1.9.0": "1.9.0",
    "npm:@types/msgpack-lite@0.1.11": "0.1.11",
    "npm:@types/node@*": "24.2.0",
    "npm:msgpack-lite@0.1.26": "0.1.26",
    "npm:sorted-array-functions@1.3.0": "1.3.0"
  },
  "jsr": {
    "@db/redis@0.41.2": {
      "integrity": "d96d10020c589830f0e4b59222260b75ffb423ff44b795b4b4436adca9352a6a",
      "dependencies": [
        "jsr:@std/async",
        "jsr:@std/bytes@1",
        "jsr:@std/io"
      ]
    },
    "@esroyo/generic-pool@3.10.4": {
      "integrity": "57702cbf0b4098d278c945de5630699c20f5e49f8aab4337c9df68f4226cb83e"
    },
    "@jabr/xxhash64@2.0.0": {
      "integrity": "a109e902abb6787816112ac71fd9145d39f8fccb45f96d1707c82197bd8fbfbd"
    },
    "@std/async@1.3.0": {
      "integrity": "80485538a4f7baaa46bfe2246168069e02ed142b9f9079cd164f43bb060ad9e9"
    },
    "@std/bytes@1.0.6": {
      "integrity": "f6ac6adbd8ccd99314045f5703e23af0a68d7f7e58364b47d2c7f408aeb5820a"
    },
    "@std/io@0.224.5": {
      "integrity": "cb84fe655d1273fca94efcff411465027a8b0b4225203f19d6ee98d9c8920a2d",
      "dependencies": [
        "jsr:@std/bytes@^1.0.2-rc.3"
      ]
    },
    "@std/ulid@1.0.0": {
      "integrity": "d41c3d27a907714413649fee864b7cde8d42ee68437d22b79d5de4f81d808780"
    }
  },
  "npm": {
    "@opentelemetry/api@1.9.0": {
      "integrity": "sha512-3giAOQvZiH5F9bMlMiv8+GSPMeqg0dbaeo58/0SlA9sxSqZhnUtxzX9/2FzyhS9sWQf5S0GJE0AKBrFqjpeYcg=="
    },
    "@types/msgpack-lite@0.1.11": {
      "integrity": "sha512-cdCZS/gw+jIN22I4SUZUFf1ZZfVv5JM1//Br/MuZcI373sxiy3eSSoiyLu0oz+BPatTbGGGBO5jrcvd0siCdTQ==",
      "dependencies": [
        "@types/node"
      ]
    },
    "@types/node@24.2.0": {
      "integrity": "sha512-3xyG3pMCq3oYCNg7/ZP+E1ooTaGB4cG8JWRsqqOYQdbWNY4zbaV0Ennrd7stjiJEFZCaybcIgpTjJWHRfBSIDw==",
      "dependencies": [
        "undici-types"
      ]
    },
    "event-lite@0.1.3": {
      "integrity": "sha512-8qz9nOz5VeD2z96elrEKD2U433+L3DWdUdDkOINLGOJvx1GsMBbMn0aCeu28y8/e85A6mCigBiFlYMnTBEGlSw=="
    },
    "ieee754@1.2.1": {
      "integrity": "sha512-dcyqhDvX1C46lXZcVqCpK+FtMRQVdIMN6/Df5js2zouUsqG7I6sFxitIC+7KYK29KdXOLHdu9zL4sFnoVQnqaA=="
    },
    "int64-buffer@0.1.10": {
      "integrity": "sha512-v7cSY1J8ydZ0GyjUHqF+1bshJ6cnEVLo9EnjB8p+4HDRPZc9N5jjmvUV7NvEsqQOKyH0pmIBFWXVQbiS0+OBbA=="
    },
    "isarray@1.0.0": {
      "integrity": "sha512-VLghIWNM6ELQzo7zwmcg0NmTVyWKYjvIeM83yjp0wRDTmUnrM678fQbcKBo6n2CJEF0szoG//ytg+TKla89ALQ=="
    },
    "msgpack-lite@0.1.26": {
      "integrity": "sha512-SZ2IxeqZ1oRFGo0xFGbvBJWMp3yLIY9rlIJyxy8CGrwZn1f0ZK4r6jV/AM1r0FZMDUkWkglOk/eeKIL9g77Nxw==",
      "dependencies": [
        "event-lite",
        "ieee754",
        "int64-buffer",
        "isarray"
      ],
      "bin": true
    },
    "sorted-array-functions@1.3.0": {
      "integrity": "sha512-2sqgzeFlid6N4Z2fUQ1cvFmTOLRi/sEDzSQ0OKYchqgoPmQBVyM3959qYx3fpS6Esef80KjmpgPeEr028dP3OA=="
    },
    "undici-types@7.10.0": {
      "integrity": "sha512-t5Fy/nfn+14LuOc2KNYg75vZqClpAiqscVvMygNnlsHBFpSXdJaYtXMcdNLpl/Qvc3P2cB3s6lOV51nqsFq4ag=="
    }
  },
  "workspace": {
    "dependencies": [
      "jsr:@db/redis@0.41.2",
      "jsr:@esroyo/generic-pool@3.10.4",
      "jsr:@jabr/xxhash64@2.0.0",
      "jsr:@kitsonk/kv-toolbox@0.30.0",
      "jsr:@std/assert@1.0.6",
      "jsr:@std/async@1",
      "jsr:@std/http@1",
      "jsr:@std/testing@1.0.5",
      "jsr:@std/ulid@1.0.0",
      "npm:@opentelemetry/api@1.9.0",
      "npm:msgpack-lite@0.1.26",
      "npm:sorted-array-functions@1.3.0"
    ]
  }
}
