{
  "version": "5",
  "specifiers": {
    "jsr:@db/redis@0.41.2": "0.41.2",
    "jsr:@deno/kv-utils@~0.1.4": "0.1.4",
    "jsr:@esroyo/generic-pool@3.10.4": "3.10.4",
    "jsr:@jabr/xxhash64@2.0.0": "2.0.0",
    "jsr:@kitsonk/kv-toolbox@0.30.0": "0.30.0",
    "jsr:@std/assert@1": "1.0.19",
    "jsr:@std/assert@1.0.6": "1.0.6",
    "jsr:@std/assert@^1.0.8": "1.0.19",
    "jsr:@std/async@1": "1.3.0",
    "jsr:@std/async@^1.0.8": "1.3.0",
    "jsr:@std/bytes@1": "1.0.6",
    "jsr:@std/bytes@^1.0.2-rc.3": "1.0.6",
    "jsr:@std/cli@^1.0.29": "1.0.29",
    "jsr:@std/crypto@1": "1.1.0",
    "jsr:@std/data-structures@^1.0.4": "1.0.11",
    "jsr:@std/encoding@1": "1.0.10",
    "jsr:@std/encoding@^1.0.10": "1.0.10",
    "jsr:@std/encoding@^1.0.5": "1.0.10",
    "jsr:@std/fmt@^1.0.10": "1.0.10",
    "jsr:@std/fs@^1.0.23": "1.0.23",
    "jsr:@std/html@^1.0.6": "1.0.6",
    "jsr:@std/http@1": "1.1.0",
    "jsr:@std/internal@^1.0.12": "1.0.13",
    "jsr:@std/internal@^1.0.4": "1.0.13",
    "jsr:@std/io@0.224.5": "0.224.5",
    "jsr:@std/media-types@1": "1.1.0",
    "jsr:@std/media-types@^1.1.0": "1.1.0",
    "jsr:@std/net@^1.0.6": "1.0.6",
    "jsr:@std/path@^1.1.4": "1.1.4",
    "jsr:@std/streams@^1.1.0": "1.1.0",
    "jsr:@std/testing@1.0.5": "1.0.5",
    "jsr:@std/ulid@1.0.0": "1.0.0",
    "npm:@opentelemetry/api@1.9.0": "1.9.0",
    "npm:@types/msgpack-lite@0.1.11": "0.1.11",
    "npm:@types/node@*": "24.2.0",
    "npm:msgpack-lite@0.1.26": "0.1.26",
    "npm:sorted-array-functions@1.3.0": "1.3.0"
  },
  "jsr": {
    "@db/redis@0.41.2": {
      "integrity": "d96d10020c589830f0e4b59222260b75ffb423ff44b795b4b4436adca9352a6a",
      "dependencies": [
        "jsr:@std/async@1",
        "jsr:@std/bytes@1",
        "jsr:@std/io"
      ]
    },
    "@deno/kv-utils@0.1.4": {
      "integrity": "119a768c8a9b1af76552b48e78457cd2fb38cc97c10b3a57cf65efe47ff9ca1a",
      "dependencies": [
        "jsr:@std/encoding@^1.0.5"
      ]
    },
    "@esroyo/generic-pool@3.10.4": {
      "integrity": "57702cbf0b4098d278c945de5630699c20f5e49f8aab4337c9df68f4226cb83e"
    },
    "@jabr/xxhash64@2.0.0": {
      "integrity": "a109e902abb6787816112ac71fd9145d39f8fccb45f96d1707c82197bd8fbfbd"
    },
    "@kitsonk/kv-toolbox@0.30.0": {
      "integrity": "708199acea43cb5a7f57580658c693a8eb2d70ad4e5b1b3074749df5595b0647",
      "dependencies": [
        "jsr:@deno/kv-utils",
        "jsr:@std/assert@1",
        "jsr:@std/bytes@1",
        "jsr:@std/crypto",
        "jsr:@std/encoding@1",
        "jsr:@std/media-types@1"
      ]
    },
    "@std/assert@1.0.6": {
      "integrity": "1904c05806a25d94fe791d6d883b685c9e2dcd60e4f9fc30f4fc5cf010c72207",
      "dependencies": [
        "jsr:@std/internal@^1.0.4"
      ]
    },
    "@std/assert@1.0.19": {
      "integrity": "eaada96ee120cb980bc47e040f82814d786fe8162ecc53c91d8df60b8755991e",
      "dependencies": [
        "jsr:@std/internal@^1.0.12"
      ]
    },
    "@std/async@1.3.0": {
      "integrity": "80485538a4f7baaa46bfe2246168069e02ed142b9f9079cd164f43bb060ad9e9"
    },
    "@std/bytes@1.0.6": {
      "integrity": "f6ac6adbd8ccd99314045f5703e23af0a68d7f7e58364b47d2c7f408aeb5820a"
    },
    "@std/cli@1.0.29": {
      "integrity": "fa4ef29130baa834d8a13b7d138240c3a2fcfba740bfb7afa646a360a15ec84f"
    },
    "@std/crypto@1.1.0": {
      "integrity": "b8d6d0a6377a32b213af2661ed7bf1062d94feac0c57def5526a8e74a95c3ec8"
    },
    "@std/data-structures@1.0.11": {
      "integrity": "53b98ed7efa61f107dfc14244bd2ec5557f7f7ee0bbaef6d449d7937facacb89"
    },
    "@std/encoding@1.0.10": {
      "integrity": "8783c6384a2d13abd5e9e87a7ae0520a30e9f56aeeaa3bdf910a3eaaf5c811a1"
    },
    "@std/fmt@1.0.10": {
      "integrity": "90dfba288802ac6de82fb31d0917eb9e4450b9925b954d5e51fc29ac07419db5"
    },
    "@std/fs@1.0.23": {
      "integrity": "3ecbae4ce4fee03b180fa710caff36bb5adb66631c46a6460aaad49515565a37"
    },
    "@std/html@1.0.6": {
      "integrity": "eaf759c8141e0733ca30eb49e4c08d8e6ca442b85c4d51f9894a56f502993e08"
    },
    "@std/http@1.1.0": {
      "integrity": "265cd9a589fea924c5bb0bbed8bebb4bb2fa19129f760bd014e78dbd7a365a51",
      "dependencies": [
        "jsr:@std/cli",
        "jsr:@std/encoding@^1.0.10",
        "jsr:@std/fmt",
        "jsr:@std/fs",
        "jsr:@std/html",
        "jsr:@std/media-types@^1.1.0",
        "jsr:@std/net",
        "jsr:@std/path",
        "jsr:@std/streams"
      ]
    },
    "@std/internal@1.0.13": {
      "integrity": "2f9546691d4ac2d32859c82dff284aaeac980ddeca38430d07941e7e288725c0"
    },
    "@std/io@0.224.5": {
      "integrity": "cb84fe655d1273fca94efcff411465027a8b0b4225203f19d6ee98d9c8920a2d",
      "dependencies": [
        "jsr:@std/bytes@^1.0.2-rc.3"
      ]
    },
    "@std/media-types@1.1.0": {
      "integrity": "c9d093f0c05c3512932b330e3cc1fe1d627b301db33a4c2c2185c02471d6eaa4"
    },
    "@std/net@1.0.6": {
      "integrity": "110735f93e95bb9feb95790a8b1d1bf69ec0dc74f3f97a00a76ea5efea25500c"
    },
    "@std/path@1.1.4": {
      "integrity": "1d2d43f39efb1b42f0b1882a25486647cb851481862dc7313390b2bb044314b5",
      "dependencies": [
        "jsr:@std/internal@^1.0.12"
      ]
    },
    "@std/streams@1.1.0": {
      "integrity": "2f7024d841f343fd478afe0c958a3f0f068ef2a0d2bcc954f550f97ac1fa22e3"
    },
    "@std/testing@1.0.5": {
      "integrity": "6e693cbec94c81a1ad3df668685c7ba8e20742bb10305bc7137faa5cf16d2ec4",
      "dependencies": [
        "jsr:@std/assert@^1.0.8",
        "jsr:@std/async@^1.0.8",
        "jsr:@std/data-structures"
      ]
    },
    "@std/ulid@1.0.0": {
      "integrity": "d41c3d27a907714413649fee864b7cde8d42ee68437d22b79d5de4f81d808780"
    }
  },
  "npm": {
    "@opentelemetry/api@1.9.0": {
      "integrity": "sha512-3giAOQvZiH5F9bMlMiv8+GSPMeqg0dbaeo58/0SlA9sxSqZhnUtxzX9/2FzyhS9sWQf5S0GJE0AKBrFqjpeYcg=="
    },
    "@types/msgpack-lite@0.1.11": {
      "integrity": "sha512-cdCZS/gw+jIN22I4SUZUFf1ZZfVv5JM1//Br/MuZcI373sxiy3eSSoiyLu0oz+BPatTbGGGBO5jrcvd0siCdTQ==",
      "dependencies": [
        "@types/node"
      ]
    },
    "@types/node@24.2.0": {
      "integrity": "sha512-3xyG3pMCq3oYCNg7/ZP+E1ooTaGB4cG8JWRsqqOYQdbWNY4zbaV0Ennrd7stjiJEFZCaybcIgpTjJWHRfBSIDw==",
      "dependencies": [
        "undici-types"
      ]
    },
    "event-lite@0.1.3": {
      "integrity": "sha512-8qz9nOz5VeD2z96elrEKD2U433+L3DWdUdDkOINLGOJvx1GsMBbMn0aCeu28y8/e85A6mCigBiFlYMnTBEGlSw=="
    },
    "ieee754@1.2.1": {
      "integrity": "sha512-dcyqhDvX1C46lXZcVqCpK+FtMRQVdIMN6/Df5js2zouUsqG7I6sFxitIC+7KYK29KdXOLHdu9zL4sFnoVQnqaA=="
    },
    "int64-buffer@0.1.10": {
      "integrity": "sha512-v7cSY1J8ydZ0GyjUHqF+1bshJ6cnEVLo9EnjB8p+4HDRPZc9N5jjmvUV7NvEsqQOKyH0pmIBFWXVQbiS0+OBbA=="
    },
    "isarray@1.0.0": {
      "integrity": "sha512-VLghIWNM6ELQzo7zwmcg0NmTVyWKYjvIeM83yjp0wRDTmUnrM678fQbcKBo6n2CJEF0szoG//ytg+TKla89ALQ=="
    },
    "msgpack-lite@0.1.26": {
      "integrity": "sha512-SZ2IxeqZ1oRFGo0xFGbvBJWMp3yLIY9rlIJyxy8CGrwZn1f0ZK4r6jV/AM1r0FZMDUkWkglOk/eeKIL9g77Nxw==",
      "dependencies": [
        "event-lite",
        "ieee754",
        "int64-buffer",
        "isarray"
      ],
      "bin": true
    },
    "sorted-array-functions@1.3.0": {
      "integrity": "sha512-2sqgzeFlid6N4Z2fUQ1cvFmTOLRi/sEDzSQ0OKYchqgoPmQBVyM3959qYx3fpS6Esef80KjmpgPeEr028dP3OA=="
    },
    "undici-types@7.10.0": {
      "integrity": "sha512-t5Fy/nfn+14LuOc2KNYg75vZqClpAiqscVvMygNnlsHBFpSXdJaYtXMcdNLpl/Qvc3P2cB3s6lOV51nqsFq4ag=="
    }
  },
  "workspace": {
    "dependencies": [
      "jsr:@db/redis@0.41.2",
      "jsr:@esroyo/generic-pool@3.10.4",
      "jsr:@jabr/xxhash64@2.0.0",
      "jsr:@kitsonk/kv-toolbox@0.30.0",
      "jsr:@std/assert@1.0.6",
      "jsr:@std/async@1",
      "jsr:@std/http@1",
      "jsr:@std/testing@1.0.5",
      "jsr:@std/ulid@1.0.0",
      "npm:@opentelemetry/api@1.9.0",
      "npm:msgpack-lite@0.1.26",
      "npm:sorted-array-functions@1.3.0"
    ]
  }
}
